
Microsoft Visual Studio Solution File, Format Version 12.00
# Visual Studio Version 17
VisualStudioVersion = 17.3.32804.467
MinimumVisualStudioVersion = 10.0.40219.1
Project("{FAE04EC0-301F-11D3-BF4B-00C04F79EFBC}") = "APIAutomationProject", "APIAutomationProject\APIAutomationProject.csproj", "{5A03D528-C798-4820-A958-B51354800EBF}"
EndProject
Global
	GlobalSection(SolutionConfigurationPlatforms) = preSolution
		Debug|Any CPU = Debug|Any CPU
		Release|Any CPU = Release|Any CPU
	EndGlobalSection
	GlobalSection(ProjectConfigurationPlatforms) = postSolution
		{5A03D528-C798-4820-A958-B51354800EBF}.Debug|Any CPU.ActiveCfg = Debug|Any CPU
		{5A03D528-C798-4820-A958-B51354800EBF}.Debug|Any CPU.Build.0 = Debug|Any CPU
		{5A03D528-C798-4820-A958-B51354800EBF}.Release|Any CPU.ActiveCfg = Release|Any CPU
		{5A03D528-C798-4820-A958-B51354800EBF}.Release|Any CPU.Build.0 = Release|Any CPU
	EndGlobalSection
	GlobalSection(SolutionProperties) = preSolution
		HideSolutionNode = FALSE
	EndGlobalSection
	GlobalSection(ExtensibilityGlobals) = postSolution
		SolutionGuid = {F1F9ED6E-24FA-47A5-B7CE-F9FE653D0C77}
	EndGlobalSection
EndGlobal
